
Microsoft Visual Studio Solution File, Format Version 12.00
# Visual Studio Version 16
VisualStudioVersion = 16.0.30717.126
MinimumVisualStudioVersion = 10.0.40219.1
Project("{FAE04EC0-301F-11D3-BF4B-00C04F79EFBC}") = "KataTicTacToeConsole_20211021", "KataTicTacToeConsole_20211021\KataTicTacToeConsole_20211021.csproj", "{DC1B4A94-991B-401D-AC36-40C3D5888A07}"
EndProject
Project("{FAE04EC0-301F-11D3-BF4B-00C04F79EFBC}") = "KataTicTacToeConsoleTest_20211021", "KataTicTacToeConsoleTest_20211021\KataTicTacToeConsoleTest_20211021.csproj", "{0D012981-DC28-488F-B669-2090373CA345}"
EndProject
Project("{FAE04EC0-301F-11D3-BF4B-00C04F79EFBC}") = "KataTicTacToeTest_20211021", "KataTicTacToeTest_20211021\KataTicTacToeTest_20211021.csproj", "{3529DEFE-5A9D-4F57-BCF1-27E2F7FAAD0B}"
EndProject
Project("{FAE04EC0-301F-11D3-BF4B-00C04F79EFBC}") = "KataTicTacToe_20211021", "KataTicTacToe_20211021\KataTicTacToe_20211021.csproj", "{6B52258D-05B4-4450-B5F6-EBBDC7449A32}"
EndProject
Global
	GlobalSection(SolutionProperties) = preSolution
		HideSolutionNode = FALSE
	EndGlobalSection
	GlobalSection(ExtensibilityGlobals) = postSolution
		SolutionGuid = {D6125ADA-7D05-45F2-A0A9-8ABDF51A6FB8}
	EndGlobalSection
	GlobalSection(ProjectConfigurationPlatforms) = postSolution
	EndGlobalSection
EndGlobal
