
Microsoft Visual Studio Solution File, Format Version 12.00
Project("{FAE04EC0-301F-11D3-BF4B-00C04F79EFBC}") = "Yahtzee", "Yahtzee\Yahtzee.csproj", "{EFDA0B8A-B9FE-4C1F-BA55-8A049F290A49}"
EndProject
Project("{FAE04EC0-301F-11D3-BF4B-00C04F79EFBC}") = "YahtzeeTest", "YahtzeeTest\YahtzeeTest.csproj", "{12E3629B-37EC-480A-BE31-9552E826BB78}"
EndProject
Global
	GlobalSection(SolutionConfigurationPlatforms) = preSolution
		Debug|Any CPU = Debug|Any CPU
		Release|Any CPU = Release|Any CPU
	EndGlobalSection
	GlobalSection(ProjectConfigurationPlatforms) = postSolution
		{EFDA0B8A-B9FE-4C1F-BA55-8A049F290A49}.Debug|Any CPU.ActiveCfg = Debug|Any CPU
		{EFDA0B8A-B9FE-4C1F-BA55-8A049F290A49}.Debug|Any CPU.Build.0 = Debug|Any CPU
		{EFDA0B8A-B9FE-4C1F-BA55-8A049F290A49}.Release|Any CPU.ActiveCfg = Release|Any CPU
		{EFDA0B8A-B9FE-4C1F-BA55-8A049F290A49}.Release|Any CPU.Build.0 = Release|Any CPU
		{12E3629B-37EC-480A-BE31-9552E826BB78}.Debug|Any CPU.ActiveCfg = Debug|Any CPU
		{12E3629B-37EC-480A-BE31-9552E826BB78}.Debug|Any CPU.Build.0 = Debug|Any CPU
		{12E3629B-37EC-480A-BE31-9552E826BB78}.Release|Any CPU.ActiveCfg = Release|Any CPU
		{12E3629B-37EC-480A-BE31-9552E826BB78}.Release|Any CPU.Build.0 = Release|Any CPU
	EndGlobalSection
EndGlobal
